
Microsoft Visual Studio Solution File, Format Version 12.00
# Visual Studio Version 16
VisualStudioVersion = 16.0.33927.289
MinimumVisualStudioVersion = 10.0.40219.1
Project("{FAE04EC0-301F-11D3-BF4B-00C04F79EFBC}") = "Assignment_1", "Assignment_1\Assignment_1.csproj", "{D8383135-3296-498F-8008-BC025CE7450C}"
EndProject
Global
	GlobalSection(SolutionConfigurationPlatforms) = preSolution
		Debug|Any CPU = Debug|Any CPU
		Release|Any CPU = Release|Any CPU
	EndGlobalSection
	GlobalSection(ProjectConfigurationPlatforms) = postSolution
		{D8383135-3296-498F-8008-BC025CE7450C}.Debug|Any CPU.ActiveCfg = Debug|Any CPU
		{D8383135-3296-498F-8008-BC025CE7450C}.Debug|Any CPU.Build.0 = Debug|Any CPU
		{D8383135-3296-498F-8008-BC025CE7450C}.Release|Any CPU.ActiveCfg = Release|Any CPU
		{D8383135-3296-498F-8008-BC025CE7450C}.Release|Any CPU.Build.0 = Release|Any CPU
	EndGlobalSection
	GlobalSection(SolutionProperties) = preSolution
		HideSolutionNode = FALSE
	EndGlobalSection
	GlobalSection(ExtensibilityGlobals) = postSolution
		SolutionGuid = {728A1AFB-27C3-4219-9EF3-E3CDEFCC1338}
	EndGlobalSection
EndGlobal
