
Microsoft Visual Studio Solution File, Format Version 12.00
# Visual Studio Version 16
VisualStudioVersion = 16.0.33927.289
MinimumVisualStudioVersion = 10.0.40219.1
Project("{FAE04EC0-301F-11D3-BF4B-00C04F79EFBC}") = "reverse_word", "reverse_word\reverse_word.csproj", "{858B1E3D-1DCB-44BD-A204-FA20BE55DC61}"
EndProject
Global
	GlobalSection(SolutionConfigurationPlatforms) = preSolution
		Debug|Any CPU = Debug|Any CPU
		Release|Any CPU = Release|Any CPU
	EndGlobalSection
	GlobalSection(ProjectConfigurationPlatforms) = postSolution
		{858B1E3D-1DCB-44BD-A204-FA20BE55DC61}.Debug|Any CPU.ActiveCfg = Debug|Any CPU
		{858B1E3D-1DCB-44BD-A204-FA20BE55DC61}.Debug|Any CPU.Build.0 = Debug|Any CPU
		{858B1E3D-1DCB-44BD-A204-FA20BE55DC61}.Release|Any CPU.ActiveCfg = Release|Any CPU
		{858B1E3D-1DCB-44BD-A204-FA20BE55DC61}.Release|Any CPU.Build.0 = Release|Any CPU
	EndGlobalSection
	GlobalSection(SolutionProperties) = preSolution
		HideSolutionNode = FALSE
	EndGlobalSection
	GlobalSection(ExtensibilityGlobals) = postSolution
		SolutionGuid = {CEE030BB-DA69-4151-8E7E-FF9A8DC60F45}
	EndGlobalSection
EndGlobal
