
Microsoft Visual Studio Solution File, Format Version 12.00
# Visual Studio Version 16
VisualStudioVersion = 16.0.33927.289
MinimumVisualStudioVersion = 10.0.40219.1
Project("{FAE04EC0-301F-11D3-BF4B-00C04F79EFBC}") = "Multiplication_Table", "Multiplication_Table\Multiplication_Table.csproj", "{23AA94FE-0F92-4641-83D7-08F6728BC74B}"
EndProject
Global
	GlobalSection(SolutionConfigurationPlatforms) = preSolution
		Debug|Any CPU = Debug|Any CPU
		Release|Any CPU = Release|Any CPU
	EndGlobalSection
	GlobalSection(ProjectConfigurationPlatforms) = postSolution
		{23AA94FE-0F92-4641-83D7-08F6728BC74B}.Debug|Any CPU.ActiveCfg = Debug|Any CPU
		{23AA94FE-0F92-4641-83D7-08F6728BC74B}.Debug|Any CPU.Build.0 = Debug|Any CPU
		{23AA94FE-0F92-4641-83D7-08F6728BC74B}.Release|Any CPU.ActiveCfg = Release|Any CPU
		{23AA94FE-0F92-4641-83D7-08F6728BC74B}.Release|Any CPU.Build.0 = Release|Any CPU
	EndGlobalSection
	GlobalSection(SolutionProperties) = preSolution
		HideSolutionNode = FALSE
	EndGlobalSection
	GlobalSection(ExtensibilityGlobals) = postSolution
		SolutionGuid = {02A8C1A8-5DE1-44D9-9582-9C8E70A75A73}
	EndGlobalSection
EndGlobal
