
Microsoft Visual Studio Solution File, Format Version 12.00
# Visual Studio Version 16
VisualStudioVersion = 16.0.33927.289
MinimumVisualStudioVersion = 10.0.40219.1
Project("{FAE04EC0-301F-11D3-BF4B-00C04F79EFBC}") = "CaseStudy_1", "CaseStudy_1\CaseStudy_1.csproj", "{F8E22B42-9362-4B4C-BEEF-7505F7437E05}"
EndProject
Global
	GlobalSection(SolutionConfigurationPlatforms) = preSolution
		Debug|Any CPU = Debug|Any CPU
		Release|Any CPU = Release|Any CPU
	EndGlobalSection
	GlobalSection(ProjectConfigurationPlatforms) = postSolution
		{F8E22B42-9362-4B4C-BEEF-7505F7437E05}.Debug|Any CPU.ActiveCfg = Debug|Any CPU
		{F8E22B42-9362-4B4C-BEEF-7505F7437E05}.Debug|Any CPU.Build.0 = Debug|Any CPU
		{F8E22B42-9362-4B4C-BEEF-7505F7437E05}.Release|Any CPU.ActiveCfg = Release|Any CPU
		{F8E22B42-9362-4B4C-BEEF-7505F7437E05}.Release|Any CPU.Build.0 = Release|Any CPU
	EndGlobalSection
	GlobalSection(SolutionProperties) = preSolution
		HideSolutionNode = FALSE
	EndGlobalSection
	GlobalSection(ExtensibilityGlobals) = postSolution
		SolutionGuid = {248C22BB-6C2B-4171-976E-76B5C1DD42EB}
	EndGlobalSection
EndGlobal
