
Microsoft Visual Studio Solution File, Format Version 12.00
# Visual Studio Version 16
VisualStudioVersion = 16.0.33927.289
MinimumVisualStudioVersion = 10.0.40219.1
Project("{FAE04EC0-301F-11D3-BF4B-00C04F79EFBC}") = "Assignment_6", "Assignment_6\Assignment_6.csproj", "{7B8C1108-0CAF-4224-94D6-8B0DFF42F57E}"
EndProject
Global
	GlobalSection(SolutionConfigurationPlatforms) = preSolution
		Debug|Any CPU = Debug|Any CPU
		Release|Any CPU = Release|Any CPU
	EndGlobalSection
	GlobalSection(ProjectConfigurationPlatforms) = postSolution
		{7B8C1108-0CAF-4224-94D6-8B0DFF42F57E}.Debug|Any CPU.ActiveCfg = Debug|Any CPU
		{7B8C1108-0CAF-4224-94D6-8B0DFF42F57E}.Debug|Any CPU.Build.0 = Debug|Any CPU
		{7B8C1108-0CAF-4224-94D6-8B0DFF42F57E}.Release|Any CPU.ActiveCfg = Release|Any CPU
		{7B8C1108-0CAF-4224-94D6-8B0DFF42F57E}.Release|Any CPU.Build.0 = Release|Any CPU
	EndGlobalSection
	GlobalSection(SolutionProperties) = preSolution
		HideSolutionNode = FALSE
	EndGlobalSection
	GlobalSection(ExtensibilityGlobals) = postSolution
		SolutionGuid = {2AF747AF-0FEF-4DB8-A40A-EDDCA3A73B22}
	EndGlobalSection
EndGlobal
