
Microsoft Visual Studio Solution File, Format Version 12.00
# Visual Studio Version 16
VisualStudioVersion = 16.0.33927.289
MinimumVisualStudioVersion = 10.0.40219.1
Project("{FAE04EC0-301F-11D3-BF4B-00C04F79EFBC}") = "1_NorthwindDbP", "1_NorthwindDbP\1_NorthwindDbP.csproj", "{DE49E901-7A79-4861-A21C-D956B8D8CC2D}"
EndProject
Global
	GlobalSection(SolutionConfigurationPlatforms) = preSolution
		Debug|Any CPU = Debug|Any CPU
		Release|Any CPU = Release|Any CPU
	EndGlobalSection
	GlobalSection(ProjectConfigurationPlatforms) = postSolution
		{DE49E901-7A79-4861-A21C-D956B8D8CC2D}.Debug|Any CPU.ActiveCfg = Debug|Any CPU
		{DE49E901-7A79-4861-A21C-D956B8D8CC2D}.Debug|Any CPU.Build.0 = Debug|Any CPU
		{DE49E901-7A79-4861-A21C-D956B8D8CC2D}.Release|Any CPU.ActiveCfg = Release|Any CPU
		{DE49E901-7A79-4861-A21C-D956B8D8CC2D}.Release|Any CPU.Build.0 = Release|Any CPU
	EndGlobalSection
	GlobalSection(SolutionProperties) = preSolution
		HideSolutionNode = FALSE
	EndGlobalSection
	GlobalSection(ExtensibilityGlobals) = postSolution
		SolutionGuid = {16DA2C73-29C3-4D08-BBCF-3938211F4ED9}
	EndGlobalSection
EndGlobal
