
Microsoft Visual Studio Solution File, Format Version 12.00
# Visual Studio Version 16
VisualStudioVersion = 16.0.33927.289
MinimumVisualStudioVersion = 10.0.40219.1
Project("{FAE04EC0-301F-11D3-BF4B-00C04F79EFBC}") = "OOPs_Custmer_Q2", "OOPs_Custmer_Q2\OOPs_Custmer_Q2.csproj", "{B36DBC1B-DC05-4158-AB95-3A4801A281E6}"
EndProject
Global
	GlobalSection(SolutionConfigurationPlatforms) = preSolution
		Debug|Any CPU = Debug|Any CPU
		Release|Any CPU = Release|Any CPU
	EndGlobalSection
	GlobalSection(ProjectConfigurationPlatforms) = postSolution
		{B36DBC1B-DC05-4158-AB95-3A4801A281E6}.Debug|Any CPU.ActiveCfg = Debug|Any CPU
		{B36DBC1B-DC05-4158-AB95-3A4801A281E6}.Debug|Any CPU.Build.0 = Debug|Any CPU
		{B36DBC1B-DC05-4158-AB95-3A4801A281E6}.Release|Any CPU.ActiveCfg = Release|Any CPU
		{B36DBC1B-DC05-4158-AB95-3A4801A281E6}.Release|Any CPU.Build.0 = Release|Any CPU
	EndGlobalSection
	GlobalSection(SolutionProperties) = preSolution
		HideSolutionNode = FALSE
	EndGlobalSection
	GlobalSection(ExtensibilityGlobals) = postSolution
		SolutionGuid = {99975A46-95E0-48EB-AB5B-8D19E6194BCB}
	EndGlobalSection
EndGlobal
