
Microsoft Visual Studio Solution File, Format Version 12.00
# Visual Studio Version 16
VisualStudioVersion = 16.0.33927.289
MinimumVisualStudioVersion = 10.0.40219.1
Project("{FAE04EC0-301F-11D3-BF4B-00C04F79EFBC}") = "Student_Grades_Checker", "Student_Grades_Checker\Student_Grades_Checker.csproj", "{E075DDBD-3D1E-4410-84AB-7BECE74558D2}"
EndProject
Global
	GlobalSection(SolutionConfigurationPlatforms) = preSolution
		Debug|Any CPU = Debug|Any CPU
		Release|Any CPU = Release|Any CPU
	EndGlobalSection
	GlobalSection(ProjectConfigurationPlatforms) = postSolution
		{E075DDBD-3D1E-4410-84AB-7BECE74558D2}.Debug|Any CPU.ActiveCfg = Debug|Any CPU
		{E075DDBD-3D1E-4410-84AB-7BECE74558D2}.Debug|Any CPU.Build.0 = Debug|Any CPU
		{E075DDBD-3D1E-4410-84AB-7BECE74558D2}.Release|Any CPU.ActiveCfg = Release|Any CPU
		{E075DDBD-3D1E-4410-84AB-7BECE74558D2}.Release|Any CPU.Build.0 = Release|Any CPU
	EndGlobalSection
	GlobalSection(SolutionProperties) = preSolution
		HideSolutionNode = FALSE
	EndGlobalSection
	GlobalSection(ExtensibilityGlobals) = postSolution
		SolutionGuid = {DA5BAD8C-0F67-4CB0-9750-629039A6605B}
	EndGlobalSection
EndGlobal
