
Microsoft Visual Studio Solution File, Format Version 12.00
# Visual Studio Version 16
VisualStudioVersion = 16.0.33927.289
MinimumVisualStudioVersion = 10.0.40219.1
Project("{FAE04EC0-301F-11D3-BF4B-00C04F79EFBC}") = "CaseStudy_2", "CaseStudy_2\CaseStudy_2.csproj", "{1DCC43A3-5F8F-4A28-B2FE-6D4538BD78D3}"
EndProject
Global
	GlobalSection(SolutionConfigurationPlatforms) = preSolution
		Debug|Any CPU = Debug|Any CPU
		Release|Any CPU = Release|Any CPU
	EndGlobalSection
	GlobalSection(ProjectConfigurationPlatforms) = postSolution
		{1DCC43A3-5F8F-4A28-B2FE-6D4538BD78D3}.Debug|Any CPU.ActiveCfg = Debug|Any CPU
		{1DCC43A3-5F8F-4A28-B2FE-6D4538BD78D3}.Debug|Any CPU.Build.0 = Debug|Any CPU
		{1DCC43A3-5F8F-4A28-B2FE-6D4538BD78D3}.Release|Any CPU.ActiveCfg = Release|Any CPU
		{1DCC43A3-5F8F-4A28-B2FE-6D4538BD78D3}.Release|Any CPU.Build.0 = Release|Any CPU
	EndGlobalSection
	GlobalSection(SolutionProperties) = preSolution
		HideSolutionNode = FALSE
	EndGlobalSection
	GlobalSection(ExtensibilityGlobals) = postSolution
		SolutionGuid = {D8F99869-56E2-4184-ACDC-A9FC19B15E80}
	EndGlobalSection
EndGlobal
