
Microsoft Visual Studio Solution File, Format Version 12.00
# Visual Studio Version 16
VisualStudioVersion = 16.0.33927.289
MinimumVisualStudioVersion = 10.0.40219.1
Project("{FAE04EC0-301F-11D3-BF4B-00C04F79EFBC}") = "CaseStudies", "CaseStudies\CaseStudies.csproj", "{6439A722-2F3A-4612-894C-7CA6A11E0940}"
EndProject
Global
	GlobalSection(SolutionConfigurationPlatforms) = preSolution
		Debug|Any CPU = Debug|Any CPU
		Release|Any CPU = Release|Any CPU
	EndGlobalSection
	GlobalSection(ProjectConfigurationPlatforms) = postSolution
		{6439A722-2F3A-4612-894C-7CA6A11E0940}.Debug|Any CPU.ActiveCfg = Debug|Any CPU
		{6439A722-2F3A-4612-894C-7CA6A11E0940}.Debug|Any CPU.Build.0 = Debug|Any CPU
		{6439A722-2F3A-4612-894C-7CA6A11E0940}.Release|Any CPU.ActiveCfg = Release|Any CPU
		{6439A722-2F3A-4612-894C-7CA6A11E0940}.Release|Any CPU.Build.0 = Release|Any CPU
	EndGlobalSection
	GlobalSection(SolutionProperties) = preSolution
		HideSolutionNode = FALSE
	EndGlobalSection
	GlobalSection(ExtensibilityGlobals) = postSolution
		SolutionGuid = {9F203E2B-F450-4BC8-9E09-CF74EFB03452}
	EndGlobalSection
EndGlobal
