
Microsoft Visual Studio Solution File, Format Version 12.00
# Visual Studio Version 16
VisualStudioVersion = 16.0.33927.289
MinimumVisualStudioVersion = 10.0.40219.1
Project("{FAE04EC0-301F-11D3-BF4B-00C04F79EFBC}") = "Question_2", "Question_2\Question_2.csproj", "{382E86A3-1F66-470E-9961-3CE648FBDE23}"
EndProject
Global
	GlobalSection(SolutionConfigurationPlatforms) = preSolution
		Debug|Any CPU = Debug|Any CPU
		Release|Any CPU = Release|Any CPU
	EndGlobalSection
	GlobalSection(ProjectConfigurationPlatforms) = postSolution
		{382E86A3-1F66-470E-9961-3CE648FBDE23}.Debug|Any CPU.ActiveCfg = Debug|Any CPU
		{382E86A3-1F66-470E-9961-3CE648FBDE23}.Debug|Any CPU.Build.0 = Debug|Any CPU
		{382E86A3-1F66-470E-9961-3CE648FBDE23}.Release|Any CPU.ActiveCfg = Release|Any CPU
		{382E86A3-1F66-470E-9961-3CE648FBDE23}.Release|Any CPU.Build.0 = Release|Any CPU
	EndGlobalSection
	GlobalSection(SolutionProperties) = preSolution
		HideSolutionNode = FALSE
	EndGlobalSection
	GlobalSection(ExtensibilityGlobals) = postSolution
		SolutionGuid = {B6A92405-F331-44B8-B529-7AF3E012D677}
	EndGlobalSection
EndGlobal
